
Microsoft Visual Studio Solution File, Format Version 12.00
# Visual Studio Version 16
VisualStudioVersion = 16.0.31313.79
MinimumVisualStudioVersion = 10.0.40219.1
Project("{FAE04EC0-301F-11D3-BF4B-00C04F79EFBC}") = "NpSharp.Extension.Pos.MicroFrontEnds", "src\NpSharp.Extension.Pos.MicroFrontEnds\NpSharp.Extension.Pos.MicroFrontEnds.csproj", "{CE732C77-8622-4379-8487-28E6D65C2B6D}"
EndProject
Project("{2150E333-8FDC-42A3-9474-1A3956D46DE8}") = "Extensions", "Extensions", "{31BBEA60-72E3-4551-B13D-E8293C97A6B5}"
EndProject
Global
	GlobalSection(SolutionConfigurationPlatforms) = preSolution
		Debug|Any CPU = Debug|Any CPU
		Release|Any CPU = Release|Any CPU
	EndGlobalSection
	GlobalSection(ProjectConfigurationPlatforms) = postSolution
		{CE732C77-8622-4379-8487-28E6D65C2B6D}.Debug|Any CPU.ActiveCfg = Debug|Any CPU
		{CE732C77-8622-4379-8487-28E6D65C2B6D}.Debug|Any CPU.Build.0 = Debug|Any CPU
		{CE732C77-8622-4379-8487-28E6D65C2B6D}.Release|Any CPU.ActiveCfg = Release|Any CPU
		{CE732C77-8622-4379-8487-28E6D65C2B6D}.Release|Any CPU.Build.0 = Release|Any CPU
	EndGlobalSection
	GlobalSection(SolutionProperties) = preSolution
		HideSolutionNode = FALSE
	EndGlobalSection
	GlobalSection(NestedProjects) = preSolution
		{CE732C77-8622-4379-8487-28E6D65C2B6D} = {31BBEA60-72E3-4551-B13D-E8293C97A6B5}
	EndGlobalSection
	GlobalSection(ExtensibilityGlobals) = postSolution
		SolutionGuid = {C027CCE2-8BEE-446C-B300-9D44D0529B21}
	EndGlobalSection
EndGlobal
