
Microsoft Visual Studio Solution File, Format Version 12.00
# Visual Studio Version 16
VisualStudioVersion = 16.0.31313.79
MinimumVisualStudioVersion = 10.0.40219.1
Project("{9A19103F-16F7-4668-BE54-9A1E7A4F7556}") = "QuantityComponents", "QuantityComponents\QuantityComponents.csproj", "{2EA97175-8440-4188-A570-F862FB55B69D}"
EndProject
Global
	GlobalSection(SolutionConfigurationPlatforms) = preSolution
		Debug|Any CPU = Debug|Any CPU
		Release|Any CPU = Release|Any CPU
	EndGlobalSection
	GlobalSection(ProjectConfigurationPlatforms) = postSolution
		{2EA97175-8440-4188-A570-F862FB55B69D}.Debug|Any CPU.ActiveCfg = Debug|Any CPU
		{2EA97175-8440-4188-A570-F862FB55B69D}.Debug|Any CPU.Build.0 = Debug|Any CPU
		{2EA97175-8440-4188-A570-F862FB55B69D}.Release|Any CPU.ActiveCfg = Release|Any CPU
		{2EA97175-8440-4188-A570-F862FB55B69D}.Release|Any CPU.Build.0 = Release|Any CPU
	EndGlobalSection
	GlobalSection(SolutionProperties) = preSolution
		HideSolutionNode = FALSE
	EndGlobalSection
	GlobalSection(ExtensibilityGlobals) = postSolution
		SolutionGuid = {CBEA1003-9102-4BC6-B3D3-20E470DDB7F2}
	EndGlobalSection
EndGlobal
