
Microsoft Visual Studio Solution File, Format Version 12.00
# Visual Studio Version 16
VisualStudioVersion = 16.0.31313.79
MinimumVisualStudioVersion = 10.0.40219.1
Project("{9A19103F-16F7-4668-BE54-9A1E7A4F7556}") = "Pos.Service.Blazor", "Pos.Service.Blazor\Pos.Service.Blazor.csproj", "{32C2E165-5889-4444-8AB9-76F9751C83ED}"
EndProject
Project("{FAE04EC0-301F-11D3-BF4B-00C04F79EFBC}") = "Pos.Service.Blazor.Domain", "Pos.Service.Blazor.Domain\Pos.Service.Blazor.Domain.csproj", "{89F83827-CA65-4955-AEB0-5647E4F2D6A2}"
EndProject
Global
	GlobalSection(SolutionConfigurationPlatforms) = preSolution
		Debug|Any CPU = Debug|Any CPU
		Release|Any CPU = Release|Any CPU
	EndGlobalSection
	GlobalSection(ProjectConfigurationPlatforms) = postSolution
		{32C2E165-5889-4444-8AB9-76F9751C83ED}.Debug|Any CPU.ActiveCfg = Debug|Any CPU
		{32C2E165-5889-4444-8AB9-76F9751C83ED}.Debug|Any CPU.Build.0 = Debug|Any CPU
		{32C2E165-5889-4444-8AB9-76F9751C83ED}.Release|Any CPU.ActiveCfg = Release|Any CPU
		{32C2E165-5889-4444-8AB9-76F9751C83ED}.Release|Any CPU.Build.0 = Release|Any CPU
		{89F83827-CA65-4955-AEB0-5647E4F2D6A2}.Debug|Any CPU.ActiveCfg = Debug|Any CPU
		{89F83827-CA65-4955-AEB0-5647E4F2D6A2}.Debug|Any CPU.Build.0 = Debug|Any CPU
		{89F83827-CA65-4955-AEB0-5647E4F2D6A2}.Release|Any CPU.ActiveCfg = Release|Any CPU
		{89F83827-CA65-4955-AEB0-5647E4F2D6A2}.Release|Any CPU.Build.0 = Release|Any CPU
	EndGlobalSection
	GlobalSection(SolutionProperties) = preSolution
		HideSolutionNode = FALSE
	EndGlobalSection
	GlobalSection(ExtensibilityGlobals) = postSolution
		SolutionGuid = {BFAF6063-73B2-49BB-8A72-87E5AEC48058}
	EndGlobalSection
EndGlobal
